# This file is automatically @generated by Cargo.
# It is not intended for manual editing.
[[package]]
name = "ffi"
version = "0.0.2"
source = "registry+https://github.com/rust-lang/crates.io-index"

[[package]]
name = "libc"
version = "0.2.54"
source = "registry+https://github.com/rust-lang/crates.io-index"

[[package]]
name = "libunarr_rs"
version = "0.1.0"
dependencies = [
 "libunarr_sys 0.1.0",
]

[[package]]
name = "libunarr_sys"
version = "0.1.0"
dependencies = [
 "ffi 0.0.2 (registry+https://github.com/rust-lang/crates.io-index)",
 "libc 0.2.54 (registry+https://github.com/rust-lang/crates.io-index)",
]

[metadata]
"checksum ffi 0.0.2 (registry+https://github.com/rust-lang/crates.io-index)" = "adcf808a1837153eaf7efe795ccc246b564801a7a20402619708eb5e124ee3be"
"checksum libc 0.2.54 (registry+https://github.com/rust-lang/crates.io-index)" = "c6785aa7dd976f5fbf3b71cfd9cd49d7f783c1ff565a858d71031c6c313aa5c6"
